
Microsoft Visual Studio Solution File, Format Version 12.00
# Visual Studio Version 17
VisualStudioVersion = 17.4.33205.214
MinimumVisualStudioVersion = 10.0.40219.1
Project("{2150E333-8FDC-42A3-9474-1A3956D46DE8}") = "Domain", "Domain", "{F548328E-A3F2-4DEC-BB9F-541D64585224}"
EndProject
Project("{2150E333-8FDC-42A3-9474-1A3956D46DE8}") = "Infa.Bus", "Infa.Bus", "{9F2D6C11-B6F9-4CD7-B716-C2C4BD3551C3}"
EndProject
Project("{2150E333-8FDC-42A3-9474-1A3956D46DE8}") = "Infra.IoC", "Infra.IoC", "{67BDC45E-3D94-4DBD-9A4A-50E225665ECD}"
EndProject
Project("{2150E333-8FDC-42A3-9474-1A3956D46DE8}") = "Microservice", "Microservice", "{38FF8FEF-1B5B-4C6D-812A-10EF79369BB5}"
EndProject
Project("{9A19103F-16F7-4668-BE54-9A1E7A4F7556}") = "MicroRabbit.Domain.Core", "MicroRabbit.Domain.Core\MicroRabbit.Domain.Core.csproj", "{4D2C66FB-32B1-4529-9AB8-08270D96C5F0}"
EndProject
Project("{9A19103F-16F7-4668-BE54-9A1E7A4F7556}") = "MicroRabbit.Infra.Bus", "MicroRabbit.Infra.Bus\MicroRabbit.Infra.Bus.csproj", "{5F9E2B40-D6FE-41CD-B776-26D0022BACB9}"
EndProject
Project("{9A19103F-16F7-4668-BE54-9A1E7A4F7556}") = "MicroRabbit.Infra.IoC", "MicroRabbit.Infra.IoC\MicroRabbit.Infra.IoC.csproj", "{55F82F6E-7439-4675-A487-A90C0627E03E}"
EndProject
Project("{2150E333-8FDC-42A3-9474-1A3956D46DE8}") = "Banking", "Banking", "{DD7598A4-1C7D-45B2-ABD0-49364AD7864A}"
EndProject
Project("{2150E333-8FDC-42A3-9474-1A3956D46DE8}") = "Api", "Api", "{250CCED6-EDD5-4704-AF5A-9F815D7A5EB6}"
EndProject
Project("{2150E333-8FDC-42A3-9474-1A3956D46DE8}") = "Application", "Application", "{9CBB61FC-9BBE-4C6A-85A5-1773058F93F2}"
EndProject
Project("{2150E333-8FDC-42A3-9474-1A3956D46DE8}") = "Data", "Data", "{5B4C0408-87EC-470D-9DE1-F949E1393A26}"
EndProject
Project("{2150E333-8FDC-42A3-9474-1A3956D46DE8}") = "Domain", "Domain", "{6AB788BC-8AE3-4007-AF5B-3B37F8840165}"
EndProject
Project("{9A19103F-16F7-4668-BE54-9A1E7A4F7556}") = "MicroRabbit.Banking.Api", "MicroRabbit.Banking.Api\MicroRabbit.Banking.Api.csproj", "{4040A300-E4F2-455D-A443-F55A18A77A0D}"
EndProject
Project("{9A19103F-16F7-4668-BE54-9A1E7A4F7556}") = "MicroRabbit.Banking.Application", "MicroRabbit.Banking.Application\MicroRabbit.Banking.Application.csproj", "{A7296B99-95FF-4467-A698-7C59897DC4F7}"
EndProject
Project("{9A19103F-16F7-4668-BE54-9A1E7A4F7556}") = "MicroRabbit.Banking.Data", "MicroRabbit.Banking.Data\MicroRabbit.Banking.Data.csproj", "{1C798EF2-0ED7-47CA-9C86-EBBEBBA2E7EC}"
EndProject
Project("{9A19103F-16F7-4668-BE54-9A1E7A4F7556}") = "MicroRabbit.Banking.Domain", "MicroRabbit.Banking.Domain\MicroRabbit.Banking.Domain.csproj", "{D4297425-D9BB-4410-9641-4072C9BAD52F}"
EndProject
Project("{2150E333-8FDC-42A3-9474-1A3956D46DE8}") = "Transfer", "Transfer", "{DA115D90-C20C-4D1A-8A89-0002E7A248A5}"
EndProject
Project("{2150E333-8FDC-42A3-9474-1A3956D46DE8}") = "Api", "Api", "{02C834CE-4A6B-454A-9831-BF5AC7B1E18E}"
EndProject
Project("{2150E333-8FDC-42A3-9474-1A3956D46DE8}") = "Application", "Application", "{CB202E38-DE83-40B7-BF22-C839975C97CD}"
EndProject
Project("{2150E333-8FDC-42A3-9474-1A3956D46DE8}") = "Data", "Data", "{24866621-6973-4B35-8667-E18B9E3DB157}"
EndProject
Project("{2150E333-8FDC-42A3-9474-1A3956D46DE8}") = "Domain", "Domain", "{36F76C48-A65B-4CF7-8D4B-86C904F451E7}"
EndProject
Project("{9A19103F-16F7-4668-BE54-9A1E7A4F7556}") = "MicroRabbit.Transfer.Api", "MicroRabbit.Transfer.Api\MicroRabbit.Transfer.Api.csproj", "{F59B059C-1CDE-4626-A5DE-C085F7EF5B3D}"
EndProject
Project("{9A19103F-16F7-4668-BE54-9A1E7A4F7556}") = "MicroRabbit.Transfer.Application", "MicroRabbit.Transfer.Application\MicroRabbit.Transfer.Application.csproj", "{98F5FFE7-0E3C-430F-BF15-C3463580A42B}"
EndProject
Project("{9A19103F-16F7-4668-BE54-9A1E7A4F7556}") = "MicroRabbit.Transfer.Data", "MicroRabbit.Transfer.Data\MicroRabbit.Transfer.Data.csproj", "{F999126B-3722-4921-B9AB-8B75591E7C12}"
EndProject
Project("{9A19103F-16F7-4668-BE54-9A1E7A4F7556}") = "MicroRabbit.Transfer.Domain", "MicroRabbit.Transfer.Domain\MicroRabbit.Transfer.Domain.csproj", "{A57E2B86-5D9B-46EC-8A2A-01D53BB2D7F0}"
EndProject
Global
	GlobalSection(SolutionConfigurationPlatforms) = preSolution
		Debug|Any CPU = Debug|Any CPU
		Release|Any CPU = Release|Any CPU
	EndGlobalSection
	GlobalSection(ProjectConfigurationPlatforms) = postSolution
		{4D2C66FB-32B1-4529-9AB8-08270D96C5F0}.Debug|Any CPU.ActiveCfg = Debug|Any CPU
		{4D2C66FB-32B1-4529-9AB8-08270D96C5F0}.Debug|Any CPU.Build.0 = Debug|Any CPU
		{4D2C66FB-32B1-4529-9AB8-08270D96C5F0}.Release|Any CPU.ActiveCfg = Release|Any CPU
		{4D2C66FB-32B1-4529-9AB8-08270D96C5F0}.Release|Any CPU.Build.0 = Release|Any CPU
		{5F9E2B40-D6FE-41CD-B776-26D0022BACB9}.Debug|Any CPU.ActiveCfg = Debug|Any CPU
		{5F9E2B40-D6FE-41CD-B776-26D0022BACB9}.Debug|Any CPU.Build.0 = Debug|Any CPU
		{5F9E2B40-D6FE-41CD-B776-26D0022BACB9}.Release|Any CPU.ActiveCfg = Release|Any CPU
		{5F9E2B40-D6FE-41CD-B776-26D0022BACB9}.Release|Any CPU.Build.0 = Release|Any CPU
		{55F82F6E-7439-4675-A487-A90C0627E03E}.Debug|Any CPU.ActiveCfg = Debug|Any CPU
		{55F82F6E-7439-4675-A487-A90C0627E03E}.Debug|Any CPU.Build.0 = Debug|Any CPU
		{55F82F6E-7439-4675-A487-A90C0627E03E}.Release|Any CPU.ActiveCfg = Release|Any CPU
		{55F82F6E-7439-4675-A487-A90C0627E03E}.Release|Any CPU.Build.0 = Release|Any CPU
		{4040A300-E4F2-455D-A443-F55A18A77A0D}.Debug|Any CPU.ActiveCfg = Debug|Any CPU
		{4040A300-E4F2-455D-A443-F55A18A77A0D}.Debug|Any CPU.Build.0 = Debug|Any CPU
		{4040A300-E4F2-455D-A443-F55A18A77A0D}.Release|Any CPU.ActiveCfg = Release|Any CPU
		{4040A300-E4F2-455D-A443-F55A18A77A0D}.Release|Any CPU.Build.0 = Release|Any CPU
		{A7296B99-95FF-4467-A698-7C59897DC4F7}.Debug|Any CPU.ActiveCfg = Debug|Any CPU
		{A7296B99-95FF-4467-A698-7C59897DC4F7}.Debug|Any CPU.Build.0 = Debug|Any CPU
		{A7296B99-95FF-4467-A698-7C59897DC4F7}.Release|Any CPU.ActiveCfg = Release|Any CPU
		{A7296B99-95FF-4467-A698-7C59897DC4F7}.Release|Any CPU.Build.0 = Release|Any CPU
		{1C798EF2-0ED7-47CA-9C86-EBBEBBA2E7EC}.Debug|Any CPU.ActiveCfg = Debug|Any CPU
		{1C798EF2-0ED7-47CA-9C86-EBBEBBA2E7EC}.Debug|Any CPU.Build.0 = Debug|Any CPU
		{1C798EF2-0ED7-47CA-9C86-EBBEBBA2E7EC}.Release|Any CPU.ActiveCfg = Release|Any CPU
		{1C798EF2-0ED7-47CA-9C86-EBBEBBA2E7EC}.Release|Any CPU.Build.0 = Release|Any CPU
		{D4297425-D9BB-4410-9641-4072C9BAD52F}.Debug|Any CPU.ActiveCfg = Debug|Any CPU
		{D4297425-D9BB-4410-9641-4072C9BAD52F}.Debug|Any CPU.Build.0 = Debug|Any CPU
		{D4297425-D9BB-4410-9641-4072C9BAD52F}.Release|Any CPU.ActiveCfg = Release|Any CPU
		{D4297425-D9BB-4410-9641-4072C9BAD52F}.Release|Any CPU.Build.0 = Release|Any CPU
		{F59B059C-1CDE-4626-A5DE-C085F7EF5B3D}.Debug|Any CPU.ActiveCfg = Debug|Any CPU
		{F59B059C-1CDE-4626-A5DE-C085F7EF5B3D}.Debug|Any CPU.Build.0 = Debug|Any CPU
		{F59B059C-1CDE-4626-A5DE-C085F7EF5B3D}.Release|Any CPU.ActiveCfg = Release|Any CPU
		{F59B059C-1CDE-4626-A5DE-C085F7EF5B3D}.Release|Any CPU.Build.0 = Release|Any CPU
		{98F5FFE7-0E3C-430F-BF15-C3463580A42B}.Debug|Any CPU.ActiveCfg = Debug|Any CPU
		{98F5FFE7-0E3C-430F-BF15-C3463580A42B}.Debug|Any CPU.Build.0 = Debug|Any CPU
		{98F5FFE7-0E3C-430F-BF15-C3463580A42B}.Release|Any CPU.ActiveCfg = Release|Any CPU
		{98F5FFE7-0E3C-430F-BF15-C3463580A42B}.Release|Any CPU.Build.0 = Release|Any CPU
		{F999126B-3722-4921-B9AB-8B75591E7C12}.Debug|Any CPU.ActiveCfg = Debug|Any CPU
		{F999126B-3722-4921-B9AB-8B75591E7C12}.Debug|Any CPU.Build.0 = Debug|Any CPU
		{F999126B-3722-4921-B9AB-8B75591E7C12}.Release|Any CPU.ActiveCfg = Release|Any CPU
		{F999126B-3722-4921-B9AB-8B75591E7C12}.Release|Any CPU.Build.0 = Release|Any CPU
		{A57E2B86-5D9B-46EC-8A2A-01D53BB2D7F0}.Debug|Any CPU.ActiveCfg = Debug|Any CPU
		{A57E2B86-5D9B-46EC-8A2A-01D53BB2D7F0}.Debug|Any CPU.Build.0 = Debug|Any CPU
		{A57E2B86-5D9B-46EC-8A2A-01D53BB2D7F0}.Release|Any CPU.ActiveCfg = Release|Any CPU
		{A57E2B86-5D9B-46EC-8A2A-01D53BB2D7F0}.Release|Any CPU.Build.0 = Release|Any CPU
	EndGlobalSection
	GlobalSection(SolutionProperties) = preSolution
		HideSolutionNode = FALSE
	EndGlobalSection
	GlobalSection(NestedProjects) = preSolution
		{4D2C66FB-32B1-4529-9AB8-08270D96C5F0} = {F548328E-A3F2-4DEC-BB9F-541D64585224}
		{5F9E2B40-D6FE-41CD-B776-26D0022BACB9} = {9F2D6C11-B6F9-4CD7-B716-C2C4BD3551C3}
		{55F82F6E-7439-4675-A487-A90C0627E03E} = {67BDC45E-3D94-4DBD-9A4A-50E225665ECD}
		{DD7598A4-1C7D-45B2-ABD0-49364AD7864A} = {38FF8FEF-1B5B-4C6D-812A-10EF79369BB5}
		{250CCED6-EDD5-4704-AF5A-9F815D7A5EB6} = {DD7598A4-1C7D-45B2-ABD0-49364AD7864A}
		{9CBB61FC-9BBE-4C6A-85A5-1773058F93F2} = {DD7598A4-1C7D-45B2-ABD0-49364AD7864A}
		{5B4C0408-87EC-470D-9DE1-F949E1393A26} = {DD7598A4-1C7D-45B2-ABD0-49364AD7864A}
		{6AB788BC-8AE3-4007-AF5B-3B37F8840165} = {DD7598A4-1C7D-45B2-ABD0-49364AD7864A}
		{4040A300-E4F2-455D-A443-F55A18A77A0D} = {250CCED6-EDD5-4704-AF5A-9F815D7A5EB6}
		{A7296B99-95FF-4467-A698-7C59897DC4F7} = {9CBB61FC-9BBE-4C6A-85A5-1773058F93F2}
		{1C798EF2-0ED7-47CA-9C86-EBBEBBA2E7EC} = {5B4C0408-87EC-470D-9DE1-F949E1393A26}
		{D4297425-D9BB-4410-9641-4072C9BAD52F} = {6AB788BC-8AE3-4007-AF5B-3B37F8840165}
		{DA115D90-C20C-4D1A-8A89-0002E7A248A5} = {38FF8FEF-1B5B-4C6D-812A-10EF79369BB5}
		{02C834CE-4A6B-454A-9831-BF5AC7B1E18E} = {DA115D90-C20C-4D1A-8A89-0002E7A248A5}
		{CB202E38-DE83-40B7-BF22-C839975C97CD} = {DA115D90-C20C-4D1A-8A89-0002E7A248A5}
		{24866621-6973-4B35-8667-E18B9E3DB157} = {DA115D90-C20C-4D1A-8A89-0002E7A248A5}
		{36F76C48-A65B-4CF7-8D4B-86C904F451E7} = {DA115D90-C20C-4D1A-8A89-0002E7A248A5}
		{F59B059C-1CDE-4626-A5DE-C085F7EF5B3D} = {02C834CE-4A6B-454A-9831-BF5AC7B1E18E}
		{98F5FFE7-0E3C-430F-BF15-C3463580A42B} = {CB202E38-DE83-40B7-BF22-C839975C97CD}
		{F999126B-3722-4921-B9AB-8B75591E7C12} = {24866621-6973-4B35-8667-E18B9E3DB157}
		{A57E2B86-5D9B-46EC-8A2A-01D53BB2D7F0} = {36F76C48-A65B-4CF7-8D4B-86C904F451E7}
	EndGlobalSection
	GlobalSection(ExtensibilityGlobals) = postSolution
		SolutionGuid = {3B80800D-55E2-4CBC-95C8-C423D769D811}
	EndGlobalSection
EndGlobal
